
Microsoft Visual Studio Solution File, Format Version 12.00
# Visual Studio Version 17
VisualStudioVersion = 17.5.33516.290
MinimumVisualStudioVersion = 10.0.40219.1
Project("{C9674DCB-5085-4A16-B785-4C70DD1589BD}") = "Integration Services Project2", "Integration Services Project2.dtproj", "{7159C561-F63E-4CDB-B92B-0C6B211DFC13}"
EndProject
Global
	GlobalSection(SolutionConfigurationPlatforms) = preSolution
		Azure|Default = Azure|Default
		Development|Default = Development|Default
	EndGlobalSection
	GlobalSection(ProjectConfigurationPlatforms) = postSolution
		{7159C561-F63E-4CDB-B92B-0C6B211DFC13}.Azure|Default.ActiveCfg = Azure
		{7159C561-F63E-4CDB-B92B-0C6B211DFC13}.Azure|Default.Build.0 = Azure
		{7159C561-F63E-4CDB-B92B-0C6B211DFC13}.Development|Default.ActiveCfg = Development
		{7159C561-F63E-4CDB-B92B-0C6B211DFC13}.Development|Default.Build.0 = Development
	EndGlobalSection
	GlobalSection(SolutionProperties) = preSolution
		HideSolutionNode = FALSE
	EndGlobalSection
	GlobalSection(ExtensibilityGlobals) = postSolution
		SolutionGuid = {CE2ECF24-0C4A-4197-A675-972C7A7D69EF}
	EndGlobalSection
EndGlobal
